
Microsoft Visual Studio Solution File, Format Version 12.00
# Visual Studio Version 17
VisualStudioVersion = 17.10.35013.160
MinimumVisualStudioVersion = 10.0.40219.1
Project("{2150E333-8FDC-42A3-9474-1A3956D46DE8}") = "Solution Items", "Solution Items", "{F040569C-0B7E-47D6-B76C-CE85A62BFFA8}"
	ProjectSection(SolutionItems) = preProject
		..\.editorconfig = ..\.editorconfig
		README.md = README.md
	EndProjectSection
EndProject
Project("{9A19103F-16F7-4668-BE54-9A1E7A4F7556}") = "Formula", "Formula\Formula.csproj", "{F5867CA1-BA39-4235-BF5E-182C7B7F299F}"
EndProject
Project("{9A19103F-16F7-4668-BE54-9A1E7A4F7556}") = "FormulaTests", "FormulaTests\FormulaTests.csproj", "{1E2BF9C7-C36C-44AE-863D-0C9EF5274184}"
EndProject
Project("{9A19103F-16F7-4668-BE54-9A1E7A4F7556}") = "DependencyGraph", "DependencyGraph\DependencyGraph.csproj", "{4F1EFE26-77CF-414E-849C-7C4AF6262CBE}"
	ProjectSection(ProjectDependencies) = postProject
		{F5867CA1-BA39-4235-BF5E-182C7B7F299F} = {F5867CA1-BA39-4235-BF5E-182C7B7F299F}
	EndProjectSection
EndProject
Project("{9A19103F-16F7-4668-BE54-9A1E7A4F7556}") = "DependencyGraphTests", "DependencyGraphTests\DependencyGraphTests.csproj", "{E105AEA2-BD14-4770-9251-7C12EA5DAC60}"
EndProject
Project("{FAE04EC0-301F-11D3-BF4B-00C04F79EFBC}") = "Spreadsheet", "Spreadsheet\Spreadsheet.csproj", "{31D61FBC-7235-43B8-AC83-B88533A41F32}"
	ProjectSection(ProjectDependencies) = postProject
		{4F1EFE26-77CF-414E-849C-7C4AF6262CBE} = {4F1EFE26-77CF-414E-849C-7C4AF6262CBE}
		{F5867CA1-BA39-4235-BF5E-182C7B7F299F} = {F5867CA1-BA39-4235-BF5E-182C7B7F299F}
	EndProjectSection
EndProject
Project("{FAE04EC0-301F-11D3-BF4B-00C04F79EFBC}") = "SpreadsheetTests", "SpreadsheetTests\SpreadsheetTests.csproj", "{50792792-2734-453B-89FA-4B0B6F94C480}"
	ProjectSection(ProjectDependencies) = postProject
		{31D61FBC-7235-43B8-AC83-B88533A41F32} = {31D61FBC-7235-43B8-AC83-B88533A41F32}
		{F5867CA1-BA39-4235-BF5E-182C7B7F299F} = {F5867CA1-BA39-4235-BF5E-182C7B7F299F}
	EndProjectSection
EndProject
Global
	GlobalSection(SolutionConfigurationPlatforms) = preSolution
		Debug|Any CPU = Debug|Any CPU
		Release|Any CPU = Release|Any CPU
	EndGlobalSection
	GlobalSection(ProjectConfigurationPlatforms) = postSolution
		{F5867CA1-BA39-4235-BF5E-182C7B7F299F}.Debug|Any CPU.ActiveCfg = Debug|Any CPU
		{F5867CA1-BA39-4235-BF5E-182C7B7F299F}.Debug|Any CPU.Build.0 = Debug|Any CPU
		{F5867CA1-BA39-4235-BF5E-182C7B7F299F}.Release|Any CPU.ActiveCfg = Release|Any CPU
		{F5867CA1-BA39-4235-BF5E-182C7B7F299F}.Release|Any CPU.Build.0 = Release|Any CPU
		{1E2BF9C7-C36C-44AE-863D-0C9EF5274184}.Debug|Any CPU.ActiveCfg = Debug|Any CPU
		{1E2BF9C7-C36C-44AE-863D-0C9EF5274184}.Debug|Any CPU.Build.0 = Debug|Any CPU
		{1E2BF9C7-C36C-44AE-863D-0C9EF5274184}.Release|Any CPU.ActiveCfg = Release|Any CPU
		{1E2BF9C7-C36C-44AE-863D-0C9EF5274184}.Release|Any CPU.Build.0 = Release|Any CPU
		{4F1EFE26-77CF-414E-849C-7C4AF6262CBE}.Debug|Any CPU.ActiveCfg = Debug|Any CPU
		{4F1EFE26-77CF-414E-849C-7C4AF6262CBE}.Debug|Any CPU.Build.0 = Debug|Any CPU
		{4F1EFE26-77CF-414E-849C-7C4AF6262CBE}.Release|Any CPU.ActiveCfg = Release|Any CPU
		{4F1EFE26-77CF-414E-849C-7C4AF6262CBE}.Release|Any CPU.Build.0 = Release|Any CPU
		{E105AEA2-BD14-4770-9251-7C12EA5DAC60}.Debug|Any CPU.ActiveCfg = Debug|Any CPU
		{E105AEA2-BD14-4770-9251-7C12EA5DAC60}.Debug|Any CPU.Build.0 = Debug|Any CPU
		{E105AEA2-BD14-4770-9251-7C12EA5DAC60}.Release|Any CPU.ActiveCfg = Release|Any CPU
		{E105AEA2-BD14-4770-9251-7C12EA5DAC60}.Release|Any CPU.Build.0 = Release|Any CPU
		{31D61FBC-7235-43B8-AC83-B88533A41F32}.Debug|Any CPU.ActiveCfg = Debug|Any CPU
		{31D61FBC-7235-43B8-AC83-B88533A41F32}.Debug|Any CPU.Build.0 = Debug|Any CPU
		{31D61FBC-7235-43B8-AC83-B88533A41F32}.Release|Any CPU.ActiveCfg = Release|Any CPU
		{31D61FBC-7235-43B8-AC83-B88533A41F32}.Release|Any CPU.Build.0 = Release|Any CPU
		{50792792-2734-453B-89FA-4B0B6F94C480}.Debug|Any CPU.ActiveCfg = Debug|Any CPU
		{50792792-2734-453B-89FA-4B0B6F94C480}.Debug|Any CPU.Build.0 = Debug|Any CPU
		{50792792-2734-453B-89FA-4B0B6F94C480}.Release|Any CPU.ActiveCfg = Release|Any CPU
		{50792792-2734-453B-89FA-4B0B6F94C480}.Release|Any CPU.Build.0 = Release|Any CPU
	EndGlobalSection
	GlobalSection(SolutionProperties) = preSolution
		HideSolutionNode = FALSE
	EndGlobalSection
	GlobalSection(ExtensibilityGlobals) = postSolution
		SolutionGuid = {FFA77195-0219-467F-B299-6E6C8823D6F1}
	EndGlobalSection
EndGlobal
